
Microsoft Visual Studio Solution File, Format Version 12.00
# Visual Studio Version 17
VisualStudioVersion = 17.8.34322.80
MinimumVisualStudioVersion = 10.0.40219.1
Project("{FAE04EC0-301F-11D3-BF4B-00C04F79EFBC}") = "SortingAlgorithms", "SortingAlgorithms\SortingAlgorithms.csproj", "{6C7FEF39-8264-4C0E-9E64-53757CA94061}"
EndProject
Global
	GlobalSection(SolutionConfigurationPlatforms) = preSolution
		Debug|Any CPU = Debug|Any CPU
		Release|Any CPU = Release|Any CPU
	EndGlobalSection
	GlobalSection(ProjectConfigurationPlatforms) = postSolution
		{6C7FEF39-8264-4C0E-9E64-53757CA94061}.Debug|Any CPU.ActiveCfg = Debug|Any CPU
		{6C7FEF39-8264-4C0E-9E64-53757CA94061}.Debug|Any CPU.Build.0 = Debug|Any CPU
		{6C7FEF39-8264-4C0E-9E64-53757CA94061}.Release|Any CPU.ActiveCfg = Release|Any CPU
		{6C7FEF39-8264-4C0E-9E64-53757CA94061}.Release|Any CPU.Build.0 = Release|Any CPU
	EndGlobalSection
	GlobalSection(SolutionProperties) = preSolution
		HideSolutionNode = FALSE
	EndGlobalSection
	GlobalSection(ExtensibilityGlobals) = postSolution
		SolutionGuid = {81A1D1C3-B509-4DEC-985A-E90726B8736C}
	EndGlobalSection
EndGlobal
